
Microsoft Visual Studio Solution File, Format Version 12.00
# Visual Studio Version 16
VisualStudioVersion = 16.0.30114.105
MinimumVisualStudioVersion = 10.0.40219.1
Project("{FAE04EC0-301F-11D3-BF4B-00C04F79EFBC}") = "Maternidade_Escola_UFRJ_SAE", "Maternidade_Escola_UFRJ_SAE\Maternidade_Escola_UFRJ_SAE.csproj", "{F342326C-9EF6-4225-95EB-A28727658B6A}"
EndProject
Global
	GlobalSection(SolutionConfigurationPlatforms) = preSolution
		Debug|Any CPU = Debug|Any CPU
		Release|Any CPU = Release|Any CPU
	EndGlobalSection
	GlobalSection(ProjectConfigurationPlatforms) = postSolution
		{F342326C-9EF6-4225-95EB-A28727658B6A}.Debug|Any CPU.ActiveCfg = Debug|Any CPU
		{F342326C-9EF6-4225-95EB-A28727658B6A}.Debug|Any CPU.Build.0 = Debug|Any CPU
		{F342326C-9EF6-4225-95EB-A28727658B6A}.Release|Any CPU.ActiveCfg = Release|Any CPU
		{F342326C-9EF6-4225-95EB-A28727658B6A}.Release|Any CPU.Build.0 = Release|Any CPU
	EndGlobalSection
	GlobalSection(SolutionProperties) = preSolution
		HideSolutionNode = FALSE
	EndGlobalSection
	GlobalSection(ExtensibilityGlobals) = postSolution
		SolutionGuid = {B772904D-2992-4F03-B67F-2457174B54E3}
	EndGlobalSection
EndGlobal
